
Microsoft Visual Studio Solution File, Format Version 12.00
# Visual Studio Version 16
VisualStudioVersion = 16.0.29609.76
MinimumVisualStudioVersion = 10.0.40219.1
Project("{FAE04EC0-301F-11D3-BF4B-00C04F79EFBC}") = "Non-OP-Torches", "Non-OP-Torches.csproj", "{EE1BE184-8E19-4ADB-8C27-97B038694920}"
EndProject
Global
	GlobalSection(SolutionConfigurationPlatforms) = preSolution
		Debug|Any CPU = Debug|Any CPU
		Release|Any CPU = Release|Any CPU
	EndGlobalSection
	GlobalSection(ProjectConfigurationPlatforms) = postSolution
		{EE1BE184-8E19-4ADB-8C27-97B038694920}.Debug|Any CPU.ActiveCfg = Debug|Any CPU
		{EE1BE184-8E19-4ADB-8C27-97B038694920}.Debug|Any CPU.Build.0 = Debug|Any CPU
		{EE1BE184-8E19-4ADB-8C27-97B038694920}.Release|Any CPU.ActiveCfg = Release|Any CPU
		{EE1BE184-8E19-4ADB-8C27-97B038694920}.Release|Any CPU.Build.0 = Release|Any CPU
	EndGlobalSection
	GlobalSection(SolutionProperties) = preSolution
		HideSolutionNode = FALSE
	EndGlobalSection
	GlobalSection(ExtensibilityGlobals) = postSolution
		SolutionGuid = {E83621D6-79F8-48F6-A322-A6C9DBA5D04A}
	EndGlobalSection
EndGlobal
